
Microsoft Visual Studio Solution File, Format Version 12.00
# Visual Studio 15
VisualStudioVersion = 15.0.27004.2005
MinimumVisualStudioVersion = 10.0.40219.1
Project("{2150E333-8FDC-42A3-9474-1A3956D46DE8}") = ".paket", ".paket", "{D6CC1361-0DF5-4C7A-B83C-83D09032AEF9}"
	ProjectSection(SolutionItems) = preProject
		paket.dependencies = paket.dependencies
	EndProjectSection
EndProject
Project("{F2A71F9B-5D33-465A-A702-920D77279786}") = "Usemam.Ledger.Domain", "Usemam.Ledger.Domain\Usemam.Ledger.Domain.fsproj", "{58470CD9-2DF7-4560-9B84-E09F3029D52C}"
EndProject
Project("{F2A71F9B-5D33-465A-A702-920D77279786}") = "Usemam.Ledger.Domain.Tests", "Usemam.Ledger.Domain.Tests\Usemam.Ledger.Domain.Tests.fsproj", "{00A9B1C7-A3DC-44A9-A89D-804F4B69C858}"
EndProject
Project("{F2A71F9B-5D33-465A-A702-920D77279786}") = "Usemam.Ledger.Console", "Usemam.Ledger.Console\Usemam.Ledger.Console.fsproj", "{06D81337-2E85-41C6-9B52-25C9455DE912}"
EndProject
Project("{F2A71F9B-5D33-465A-A702-920D77279786}") = "Usemam.Ledger.Prediction", "Usemam.Ledger.Prediction\Usemam.Ledger.Prediction.fsproj", "{9195A787-2AD8-4580-9C96-5D66453EDC88}"
EndProject
Global
	GlobalSection(SolutionConfigurationPlatforms) = preSolution
		Debug|Any CPU = Debug|Any CPU
		Release|Any CPU = Release|Any CPU
	EndGlobalSection
	GlobalSection(ProjectConfigurationPlatforms) = postSolution
		{58470CD9-2DF7-4560-9B84-E09F3029D52C}.Debug|Any CPU.ActiveCfg = Debug|Any CPU
		{58470CD9-2DF7-4560-9B84-E09F3029D52C}.Debug|Any CPU.Build.0 = Debug|Any CPU
		{58470CD9-2DF7-4560-9B84-E09F3029D52C}.Release|Any CPU.ActiveCfg = Release|Any CPU
		{58470CD9-2DF7-4560-9B84-E09F3029D52C}.Release|Any CPU.Build.0 = Release|Any CPU
		{00A9B1C7-A3DC-44A9-A89D-804F4B69C858}.Debug|Any CPU.ActiveCfg = Debug|Any CPU
		{00A9B1C7-A3DC-44A9-A89D-804F4B69C858}.Debug|Any CPU.Build.0 = Debug|Any CPU
		{00A9B1C7-A3DC-44A9-A89D-804F4B69C858}.Release|Any CPU.ActiveCfg = Release|Any CPU
		{00A9B1C7-A3DC-44A9-A89D-804F4B69C858}.Release|Any CPU.Build.0 = Release|Any CPU
		{06D81337-2E85-41C6-9B52-25C9455DE912}.Debug|Any CPU.ActiveCfg = Debug|Any CPU
		{06D81337-2E85-41C6-9B52-25C9455DE912}.Debug|Any CPU.Build.0 = Debug|Any CPU
		{06D81337-2E85-41C6-9B52-25C9455DE912}.Release|Any CPU.ActiveCfg = Release|Any CPU
		{06D81337-2E85-41C6-9B52-25C9455DE912}.Release|Any CPU.Build.0 = Release|Any CPU
		{9195A787-2AD8-4580-9C96-5D66453EDC88}.Debug|Any CPU.ActiveCfg = Debug|Any CPU
		{9195A787-2AD8-4580-9C96-5D66453EDC88}.Debug|Any CPU.Build.0 = Debug|Any CPU
		{9195A787-2AD8-4580-9C96-5D66453EDC88}.Release|Any CPU.ActiveCfg = Release|Any CPU
		{9195A787-2AD8-4580-9C96-5D66453EDC88}.Release|Any CPU.Build.0 = Release|Any CPU
	EndGlobalSection
	GlobalSection(SolutionProperties) = preSolution
		HideSolutionNode = FALSE
	EndGlobalSection
	GlobalSection(ExtensibilityGlobals) = postSolution
		SolutionGuid = {AA2157A0-5C62-441F-A84E-8472DADF0EE0}
	EndGlobalSection
EndGlobal
